{
  "name": "ec-coffe",
  "lockfileVersion": 2,
  "requires": true,
  "packages": {
    "": {
      "dependencies": {
        "@vant/weapp": "^1.10.7"
      }
    },
    "node_modules/@vant/weapp": {
      "version": "1.10.7",
      "resolved": "https://registry.npmjs.org/@vant/weapp/-/weapp-1.10.7.tgz",
      "integrity": "sha512-R2FyCk0mK2xvUX2dMgVZjVG512RKBj7ELMDxjRJjhQWtw4495WBgbl5Yb4v2A6d4vWJe6z9toKgDJTciN0Bo9A=="
    }
  },
  "dependencies": {
    "@vant/weapp": {
      "version": "1.10.7",
      "resolved": "https://registry.npmjs.org/@vant/weapp/-/weapp-1.10.7.tgz",
      "integrity": "sha512-R2FyCk0mK2xvUX2dMgVZjVG512RKBj7ELMDxjRJjhQWtw4495WBgbl5Yb4v2A6d4vWJe6z9toKgDJTciN0Bo9A=="
    }
  }
}
